
Microsoft Visual Studio Solution File, Format Version 12.00
# Visual Studio 15
VisualStudioVersion = 15.0.26228.4
MinimumVisualStudioVersion = 10.0.40219.1
Project("{FAE04EC0-301F-11D3-BF4B-00C04F79EFBC}") = "StackOverflow", "StackOverflow\StackOverflow.csproj", "{DFE4C2C9-4FF0-408F-9C82-D6A84FA2541F}"
EndProject
Global
	GlobalSection(SolutionConfigurationPlatforms) = preSolution
		Debug|Any CPU = Debug|Any CPU
		Release|Any CPU = Release|Any CPU
	EndGlobalSection
	GlobalSection(ProjectConfigurationPlatforms) = postSolution
		{DFE4C2C9-4FF0-408F-9C82-D6A84FA2541F}.Debug|Any CPU.ActiveCfg = Debug|Any CPU
		{DFE4C2C9-4FF0-408F-9C82-D6A84FA2541F}.Debug|Any CPU.Build.0 = Debug|Any CPU
		{DFE4C2C9-4FF0-408F-9C82-D6A84FA2541F}.Release|Any CPU.ActiveCfg = Release|Any CPU
		{DFE4C2C9-4FF0-408F-9C82-D6A84FA2541F}.Release|Any CPU.Build.0 = Release|Any CPU
	EndGlobalSection
	GlobalSection(SolutionProperties) = preSolution
		HideSolutionNode = FALSE
	EndGlobalSection
EndGlobal
